
Microsoft Visual Studio Solution File, Format Version 12.00
# Visual Studio 15
VisualStudioVersion = 15.0.28010.2048
MinimumVisualStudioVersion = 10.0.40219.1
Project("{9A19103F-16F7-4668-BE54-9A1E7A4F7556}") = "AngleSharp.Core", "AngleSharp\AngleSharp.Core.csproj", "{91F78C48-287E-41B5-9E49-44D6E1E31290}"
EndProject
Project("{9A19103F-16F7-4668-BE54-9A1E7A4F7556}") = "AngleSharp.Benchmarks", "AngleSharp.Benchmarks\AngleSharp.Benchmarks.csproj", "{5F4173C4-55EE-4C28-BE96-B71C6AACC9EE}"
EndProject
Project("{2150E333-8FDC-42A3-9474-1A3956D46DE8}") = "Solution Items", "Solution Items", "{988B2C40-782B-4128-9551-7AE65B60F903}"
	ProjectSection(SolutionItems) = preProject
		AngleSharp.nuspec = AngleSharp.nuspec
		Directory.Build.props = Directory.Build.props
		..\.editorconfig = ..\.editorconfig
		..\README.md = ..\README.md
	EndProjectSection
EndProject
Project("{FAE04EC0-301F-11D3-BF4B-00C04F79EFBC}") = "AngleSharp.Core.Tests", "AngleSharp.Core.Tests\AngleSharp.Core.Tests.csproj", "{C3074D7E-CA6C-4F2C-813D-BD97462DC3EB}"
EndProject
Project("{9A19103F-16F7-4668-BE54-9A1E7A4F7556}") = "_build", "..\nuke\_build.csproj", "{C5A6C092-A03A-47FB-B260-F1F87564F020}"
EndProject
Project("{FAE04EC0-301F-11D3-BF4B-00C04F79EFBC}") = "Run", "Run\Run.csproj", "{9A08E0EE-9E7A-498C-837F-FAABFBBD06D7}"
EndProject
Project("{FAE04EC0-301F-11D3-BF4B-00C04F79EFBC}") = "AngleSharp.Css", "AngleSharp.Css\AngleSharp.Css.csproj", "{0F54F0A0-B23E-427B-A7B3-F556901BB4EF}"
EndProject
Project("{FAE04EC0-301F-11D3-BF4B-00C04F79EFBC}") = "AngleSharp.Css.Tests", "AngleSharp.Css.Tests\AngleSharp.Css.Tests.csproj", "{6CCC908F-C69E-49DA-A32A-7E80E2D23CCF}"
EndProject
Project("{FAE04EC0-301F-11D3-BF4B-00C04F79EFBC}") = "AngleSharp.Performance.Common", "AngleSharp.Performance.Common\AngleSharp.Performance.Common.csproj", "{517F9FB0-1A85-4C3B-AC46-EBED53238D72}"
EndProject
Project("{FAE04EC0-301F-11D3-BF4B-00C04F79EFBC}") = "AngleSharp.Performance.Css", "AngleSharp.Performance.Css\AngleSharp.Performance.Css.csproj", "{F8BCBC95-21C6-42C0-8B96-8763FB15252E}"
EndProject
Project("{FAE04EC0-301F-11D3-BF4B-00C04F79EFBC}") = "AngleSharp.Performance.Utilities", "AngleSharp.Performance.Utilities\AngleSharp.Performance.Utilities.csproj", "{A947272E-478C-45A4-99E1-3A47F12C9091}"
EndProject
Project("{2150E333-8FDC-42A3-9474-1A3956D46DE8}") = "Tests", "Tests", "{2E48C81B-CA0F-4FCA-AD7D-41EF87F6AE17}"
EndProject
Project("{2150E333-8FDC-42A3-9474-1A3956D46DE8}") = "Performance", "Performance", "{9B2D7931-572B-4684-A73A-7B96ED213744}"
EndProject
Project("{FAE04EC0-301F-11D3-BF4B-00C04F79EFBC}") = "AngleSharp.Renderer", "AngleSharp.Renderer\AngleSharp.Renderer.csproj", "{DC3D79F9-49DF-49DB-BE60-D5A9C8C250D6}"
EndProject
Project("{FAE04EC0-301F-11D3-BF4B-00C04F79EFBC}") = "AngleSharp.Renderer.Tests", "AngleSharp.Renderer.Tests\AngleSharp.Renderer.Tests.csproj", "{E3B2921E-3DDF-4181-9770-FE58BB03F5C4}"
EndProject
Project("{FAE04EC0-301F-11D3-BF4B-00C04F79EFBC}") = "AngleSharp.LayoutEngine", "AngleSharp.LayoutEngine\AngleSharp.LayoutEngine.csproj", "{218E0948-34C2-460C-9A88-3077475BF812}"
EndProject
Project("{FAE04EC0-301F-11D3-BF4B-00C04F79EFBC}") = "AngleSharp.LayoutEngine.Tests", "AngleSharp.LayoutEngine.Tests\AngleSharp.LayoutEngine.Tests.csproj", "{3A0C0E24-BEBC-499E-BC5A-48E7E94F10C1}"
EndProject
Project("{FAE04EC0-301F-11D3-BF4B-00C04F79EFBC}") = "AngleSharp.Contracts", "AngleSharp.Contracts\AngleSharp.Contracts.csproj", "{DBAAD970-2BF6-421A-8D7F-EBA92BEE0AEF}"
EndProject
Project("{FAE04EC0-301F-11D3-BF4B-00C04F79EFBC}") = "AngleSharp.StyleSystem", "AngleSharp.StyleSystem\AngleSharp.StyleSystem.csproj", "{76E8E7D3-5E54-447E-9901-F7D9F3F191B7}"
EndProject
Project("{FAE04EC0-301F-11D3-BF4B-00C04F79EFBC}") = "AngleSharp.StyleSystem.Tests", "AngleSharp.StyleSystem.Tests\AngleSharp.StyleSystem.Tests.csproj", "{79D80414-0CA7-4A3D-BC60-F27F0D33D855}"
EndProject
Project("{2150E333-8FDC-42A3-9474-1A3956D46DE8}") = "Old", "Old", "{F206476A-9392-49D4-A90C-029696749072}"
EndProject
Project("{2150E333-8FDC-42A3-9474-1A3956D46DE8}") = "LayoutEngine", "LayoutEngine", "{8141EB56-BB5B-4B13-9F5C-A05A58A0E228}"
EndProject
Project("{FAE04EC0-301F-11D3-BF4B-00C04F79EFBC}") = "LayoutEngine.Contracts", "LayoutEngine.Contracts\LayoutEngine.Contracts.csproj", "{B9FB1CEA-8783-45F2-8DF0-30EE0BA0223B}"
EndProject
Project("{FAE04EC0-301F-11D3-BF4B-00C04F79EFBC}") = "LayoutEngine.Platform", "LayoutEngine.Platform\LayoutEngine.Platform.csproj", "{D9D2D568-4700-497E-90E8-67344C0E7190}"
EndProject
Project("{FAE04EC0-301F-11D3-BF4B-00C04F79EFBC}") = "LayoutEngine.StyleSystem", "LayoutEngine.StyleSystem\LayoutEngine.StyleSystem.csproj", "{A5EE1E55-CFA2-4CA2-B06A-FF1900C23D9D}"
EndProject
Project("{FAE04EC0-301F-11D3-BF4B-00C04F79EFBC}") = "LayoutEngine.LayoutSystem", "LayoutEngine.LayoutSystem\LayoutEngine.LayoutSystem.csproj", "{A430E7FA-516E-40CD-B84F-5D633CC418DB}"
EndProject
Project("{FAE04EC0-301F-11D3-BF4B-00C04F79EFBC}") = "Infrastructure.EventAggregator", "Infrastructure.EventAggregator\Infrastructure.EventAggregator.csproj", "{941F32C2-78EF-448A-9081-520315DC0193}"
EndProject
Project("{2150E333-8FDC-42A3-9474-1A3956D46DE8}") = "Tests", "Tests", "{548FC074-1D04-45A2-8725-5D908A5075A9}"
EndProject
Project("{FAE04EC0-301F-11D3-BF4B-00C04F79EFBC}") = "LayoutEngine", "LayoutEngine\LayoutEngine.csproj", "{BB14A796-AEC7-454B-9F34-263216953EF1}"
EndProject
Project("{FAE04EC0-301F-11D3-BF4B-00C04F79EFBC}") = "Infrastructure.CacheManager", "Infrastructure.CacheManager\Infrastructure.CacheManager.csproj", "{FBC80D39-C3E9-4CD2-8BE5-DD6FD2354149}"
EndProject
Project("{FAE04EC0-301F-11D3-BF4B-00C04F79EFBC}") = "Infrastructure.CacheManager.Tests", "Infrastructure.CacheManager.Tests\Infrastructure.CacheManager.Tests.csproj", "{B9222ED7-A0C8-4482-8987-3B67782BFA7F}"
EndProject
Project("{FAE04EC0-301F-11D3-BF4B-00C04F79EFBC}") = "Infrastructure.EventAggregator.Tests", "Infrastructure.EventAggregator.Tests\Infrastructure.EventAggregator.Tests.csproj", "{E8387FE6-874D-4B13-AE0F-6D1FD4459099}"
EndProject
Project("{FAE04EC0-301F-11D3-BF4B-00C04F79EFBC}") = "LayoutEngine.Platform.Tests", "LayoutEngine.Platform.Tests\LayoutEngine.Platform.Tests.csproj", "{DA2A7EFD-E858-4CF3-9F4B-1BD6D0A10029}"
EndProject
Project("{FAE04EC0-301F-11D3-BF4B-00C04F79EFBC}") = "LayoutEngine.Tests", "LayoutEngine.Tests\LayoutEngine.Tests.csproj", "{F514A766-6F00-4E87-983C-75F92BB9E0D6}"
EndProject
Global
	GlobalSection(SolutionConfigurationPlatforms) = preSolution
		Debug|Any CPU = Debug|Any CPU
		Release|Any CPU = Release|Any CPU
	EndGlobalSection
	GlobalSection(ProjectConfigurationPlatforms) = postSolution
		{C5A6C092-A03A-47FB-B260-F1F87564F020}.Debug|Any CPU.ActiveCfg = Debug|Any CPU
		{C5A6C092-A03A-47FB-B260-F1F87564F020}.Release|Any CPU.ActiveCfg = Release|Any CPU
		{91F78C48-287E-41B5-9E49-44D6E1E31290}.Debug|Any CPU.ActiveCfg = Debug|Any CPU
		{91F78C48-287E-41B5-9E49-44D6E1E31290}.Debug|Any CPU.Build.0 = Debug|Any CPU
		{91F78C48-287E-41B5-9E49-44D6E1E31290}.Release|Any CPU.ActiveCfg = Release|Any CPU
		{91F78C48-287E-41B5-9E49-44D6E1E31290}.Release|Any CPU.Build.0 = Release|Any CPU
		{5F4173C4-55EE-4C28-BE96-B71C6AACC9EE}.Debug|Any CPU.ActiveCfg = Debug|Any CPU
		{5F4173C4-55EE-4C28-BE96-B71C6AACC9EE}.Debug|Any CPU.Build.0 = Debug|Any CPU
		{5F4173C4-55EE-4C28-BE96-B71C6AACC9EE}.Release|Any CPU.ActiveCfg = Release|Any CPU
		{5F4173C4-55EE-4C28-BE96-B71C6AACC9EE}.Release|Any CPU.Build.0 = Release|Any CPU
		{C3074D7E-CA6C-4F2C-813D-BD97462DC3EB}.Debug|Any CPU.ActiveCfg = Debug|Any CPU
		{C3074D7E-CA6C-4F2C-813D-BD97462DC3EB}.Debug|Any CPU.Build.0 = Debug|Any CPU
		{C3074D7E-CA6C-4F2C-813D-BD97462DC3EB}.Release|Any CPU.ActiveCfg = Release|Any CPU
		{C3074D7E-CA6C-4F2C-813D-BD97462DC3EB}.Release|Any CPU.Build.0 = Release|Any CPU
		{9A08E0EE-9E7A-498C-837F-FAABFBBD06D7}.Debug|Any CPU.ActiveCfg = Debug|Any CPU
		{9A08E0EE-9E7A-498C-837F-FAABFBBD06D7}.Debug|Any CPU.Build.0 = Debug|Any CPU
		{9A08E0EE-9E7A-498C-837F-FAABFBBD06D7}.Release|Any CPU.ActiveCfg = Release|Any CPU
		{9A08E0EE-9E7A-498C-837F-FAABFBBD06D7}.Release|Any CPU.Build.0 = Release|Any CPU
		{0F54F0A0-B23E-427B-A7B3-F556901BB4EF}.Debug|Any CPU.ActiveCfg = Debug|Any CPU
		{0F54F0A0-B23E-427B-A7B3-F556901BB4EF}.Debug|Any CPU.Build.0 = Debug|Any CPU
		{0F54F0A0-B23E-427B-A7B3-F556901BB4EF}.Release|Any CPU.ActiveCfg = Release|Any CPU
		{0F54F0A0-B23E-427B-A7B3-F556901BB4EF}.Release|Any CPU.Build.0 = Release|Any CPU
		{6CCC908F-C69E-49DA-A32A-7E80E2D23CCF}.Debug|Any CPU.ActiveCfg = Debug|Any CPU
		{6CCC908F-C69E-49DA-A32A-7E80E2D23CCF}.Debug|Any CPU.Build.0 = Debug|Any CPU
		{6CCC908F-C69E-49DA-A32A-7E80E2D23CCF}.Release|Any CPU.ActiveCfg = Release|Any CPU
		{6CCC908F-C69E-49DA-A32A-7E80E2D23CCF}.Release|Any CPU.Build.0 = Release|Any CPU
		{517F9FB0-1A85-4C3B-AC46-EBED53238D72}.Debug|Any CPU.ActiveCfg = Debug|Any CPU
		{517F9FB0-1A85-4C3B-AC46-EBED53238D72}.Debug|Any CPU.Build.0 = Debug|Any CPU
		{517F9FB0-1A85-4C3B-AC46-EBED53238D72}.Release|Any CPU.ActiveCfg = Release|Any CPU
		{517F9FB0-1A85-4C3B-AC46-EBED53238D72}.Release|Any CPU.Build.0 = Release|Any CPU
		{F8BCBC95-21C6-42C0-8B96-8763FB15252E}.Debug|Any CPU.ActiveCfg = Debug|Any CPU
		{F8BCBC95-21C6-42C0-8B96-8763FB15252E}.Debug|Any CPU.Build.0 = Debug|Any CPU
		{F8BCBC95-21C6-42C0-8B96-8763FB15252E}.Release|Any CPU.ActiveCfg = Release|Any CPU
		{F8BCBC95-21C6-42C0-8B96-8763FB15252E}.Release|Any CPU.Build.0 = Release|Any CPU
		{A947272E-478C-45A4-99E1-3A47F12C9091}.Debug|Any CPU.ActiveCfg = Debug|Any CPU
		{A947272E-478C-45A4-99E1-3A47F12C9091}.Debug|Any CPU.Build.0 = Debug|Any CPU
		{A947272E-478C-45A4-99E1-3A47F12C9091}.Release|Any CPU.ActiveCfg = Release|Any CPU
		{A947272E-478C-45A4-99E1-3A47F12C9091}.Release|Any CPU.Build.0 = Release|Any CPU
		{DC3D79F9-49DF-49DB-BE60-D5A9C8C250D6}.Debug|Any CPU.ActiveCfg = Debug|Any CPU
		{DC3D79F9-49DF-49DB-BE60-D5A9C8C250D6}.Debug|Any CPU.Build.0 = Debug|Any CPU
		{DC3D79F9-49DF-49DB-BE60-D5A9C8C250D6}.Release|Any CPU.ActiveCfg = Release|Any CPU
		{DC3D79F9-49DF-49DB-BE60-D5A9C8C250D6}.Release|Any CPU.Build.0 = Release|Any CPU
		{E3B2921E-3DDF-4181-9770-FE58BB03F5C4}.Debug|Any CPU.ActiveCfg = Debug|Any CPU
		{E3B2921E-3DDF-4181-9770-FE58BB03F5C4}.Debug|Any CPU.Build.0 = Debug|Any CPU
		{E3B2921E-3DDF-4181-9770-FE58BB03F5C4}.Release|Any CPU.ActiveCfg = Release|Any CPU
		{E3B2921E-3DDF-4181-9770-FE58BB03F5C4}.Release|Any CPU.Build.0 = Release|Any CPU
		{218E0948-34C2-460C-9A88-3077475BF812}.Debug|Any CPU.ActiveCfg = Debug|Any CPU
		{218E0948-34C2-460C-9A88-3077475BF812}.Debug|Any CPU.Build.0 = Debug|Any CPU
		{218E0948-34C2-460C-9A88-3077475BF812}.Release|Any CPU.ActiveCfg = Release|Any CPU
		{218E0948-34C2-460C-9A88-3077475BF812}.Release|Any CPU.Build.0 = Release|Any CPU
		{3A0C0E24-BEBC-499E-BC5A-48E7E94F10C1}.Debug|Any CPU.ActiveCfg = Debug|Any CPU
		{3A0C0E24-BEBC-499E-BC5A-48E7E94F10C1}.Debug|Any CPU.Build.0 = Debug|Any CPU
		{3A0C0E24-BEBC-499E-BC5A-48E7E94F10C1}.Release|Any CPU.ActiveCfg = Release|Any CPU
		{3A0C0E24-BEBC-499E-BC5A-48E7E94F10C1}.Release|Any CPU.Build.0 = Release|Any CPU
		{DBAAD970-2BF6-421A-8D7F-EBA92BEE0AEF}.Debug|Any CPU.ActiveCfg = Debug|Any CPU
		{DBAAD970-2BF6-421A-8D7F-EBA92BEE0AEF}.Debug|Any CPU.Build.0 = Debug|Any CPU
		{DBAAD970-2BF6-421A-8D7F-EBA92BEE0AEF}.Release|Any CPU.ActiveCfg = Release|Any CPU
		{DBAAD970-2BF6-421A-8D7F-EBA92BEE0AEF}.Release|Any CPU.Build.0 = Release|Any CPU
		{76E8E7D3-5E54-447E-9901-F7D9F3F191B7}.Debug|Any CPU.ActiveCfg = Debug|Any CPU
		{76E8E7D3-5E54-447E-9901-F7D9F3F191B7}.Debug|Any CPU.Build.0 = Debug|Any CPU
		{76E8E7D3-5E54-447E-9901-F7D9F3F191B7}.Release|Any CPU.ActiveCfg = Release|Any CPU
		{76E8E7D3-5E54-447E-9901-F7D9F3F191B7}.Release|Any CPU.Build.0 = Release|Any CPU
		{79D80414-0CA7-4A3D-BC60-F27F0D33D855}.Debug|Any CPU.ActiveCfg = Debug|Any CPU
		{79D80414-0CA7-4A3D-BC60-F27F0D33D855}.Debug|Any CPU.Build.0 = Debug|Any CPU
		{79D80414-0CA7-4A3D-BC60-F27F0D33D855}.Release|Any CPU.ActiveCfg = Release|Any CPU
		{79D80414-0CA7-4A3D-BC60-F27F0D33D855}.Release|Any CPU.Build.0 = Release|Any CPU
		{B9FB1CEA-8783-45F2-8DF0-30EE0BA0223B}.Debug|Any CPU.ActiveCfg = Debug|Any CPU
		{B9FB1CEA-8783-45F2-8DF0-30EE0BA0223B}.Debug|Any CPU.Build.0 = Debug|Any CPU
		{B9FB1CEA-8783-45F2-8DF0-30EE0BA0223B}.Release|Any CPU.ActiveCfg = Release|Any CPU
		{B9FB1CEA-8783-45F2-8DF0-30EE0BA0223B}.Release|Any CPU.Build.0 = Release|Any CPU
		{D9D2D568-4700-497E-90E8-67344C0E7190}.Debug|Any CPU.ActiveCfg = Debug|Any CPU
		{D9D2D568-4700-497E-90E8-67344C0E7190}.Debug|Any CPU.Build.0 = Debug|Any CPU
		{D9D2D568-4700-497E-90E8-67344C0E7190}.Release|Any CPU.ActiveCfg = Release|Any CPU
		{D9D2D568-4700-497E-90E8-67344C0E7190}.Release|Any CPU.Build.0 = Release|Any CPU
		{A5EE1E55-CFA2-4CA2-B06A-FF1900C23D9D}.Debug|Any CPU.ActiveCfg = Debug|Any CPU
		{A5EE1E55-CFA2-4CA2-B06A-FF1900C23D9D}.Debug|Any CPU.Build.0 = Debug|Any CPU
		{A5EE1E55-CFA2-4CA2-B06A-FF1900C23D9D}.Release|Any CPU.ActiveCfg = Release|Any CPU
		{A5EE1E55-CFA2-4CA2-B06A-FF1900C23D9D}.Release|Any CPU.Build.0 = Release|Any CPU
		{A430E7FA-516E-40CD-B84F-5D633CC418DB}.Debug|Any CPU.ActiveCfg = Debug|Any CPU
		{A430E7FA-516E-40CD-B84F-5D633CC418DB}.Debug|Any CPU.Build.0 = Debug|Any CPU
		{A430E7FA-516E-40CD-B84F-5D633CC418DB}.Release|Any CPU.ActiveCfg = Release|Any CPU
		{A430E7FA-516E-40CD-B84F-5D633CC418DB}.Release|Any CPU.Build.0 = Release|Any CPU
		{941F32C2-78EF-448A-9081-520315DC0193}.Debug|Any CPU.ActiveCfg = Debug|Any CPU
		{941F32C2-78EF-448A-9081-520315DC0193}.Debug|Any CPU.Build.0 = Debug|Any CPU
		{941F32C2-78EF-448A-9081-520315DC0193}.Release|Any CPU.ActiveCfg = Release|Any CPU
		{941F32C2-78EF-448A-9081-520315DC0193}.Release|Any CPU.Build.0 = Release|Any CPU
		{BB14A796-AEC7-454B-9F34-263216953EF1}.Debug|Any CPU.ActiveCfg = Debug|Any CPU
		{BB14A796-AEC7-454B-9F34-263216953EF1}.Debug|Any CPU.Build.0 = Debug|Any CPU
		{BB14A796-AEC7-454B-9F34-263216953EF1}.Release|Any CPU.ActiveCfg = Release|Any CPU
		{BB14A796-AEC7-454B-9F34-263216953EF1}.Release|Any CPU.Build.0 = Release|Any CPU
		{FBC80D39-C3E9-4CD2-8BE5-DD6FD2354149}.Debug|Any CPU.ActiveCfg = Debug|Any CPU
		{FBC80D39-C3E9-4CD2-8BE5-DD6FD2354149}.Debug|Any CPU.Build.0 = Debug|Any CPU
		{FBC80D39-C3E9-4CD2-8BE5-DD6FD2354149}.Release|Any CPU.ActiveCfg = Release|Any CPU
		{FBC80D39-C3E9-4CD2-8BE5-DD6FD2354149}.Release|Any CPU.Build.0 = Release|Any CPU
		{B9222ED7-A0C8-4482-8987-3B67782BFA7F}.Debug|Any CPU.ActiveCfg = Debug|Any CPU
		{B9222ED7-A0C8-4482-8987-3B67782BFA7F}.Debug|Any CPU.Build.0 = Debug|Any CPU
		{B9222ED7-A0C8-4482-8987-3B67782BFA7F}.Release|Any CPU.ActiveCfg = Release|Any CPU
		{B9222ED7-A0C8-4482-8987-3B67782BFA7F}.Release|Any CPU.Build.0 = Release|Any CPU
		{E8387FE6-874D-4B13-AE0F-6D1FD4459099}.Debug|Any CPU.ActiveCfg = Debug|Any CPU
		{E8387FE6-874D-4B13-AE0F-6D1FD4459099}.Debug|Any CPU.Build.0 = Debug|Any CPU
		{E8387FE6-874D-4B13-AE0F-6D1FD4459099}.Release|Any CPU.ActiveCfg = Release|Any CPU
		{E8387FE6-874D-4B13-AE0F-6D1FD4459099}.Release|Any CPU.Build.0 = Release|Any CPU
		{DA2A7EFD-E858-4CF3-9F4B-1BD6D0A10029}.Debug|Any CPU.ActiveCfg = Debug|Any CPU
		{DA2A7EFD-E858-4CF3-9F4B-1BD6D0A10029}.Debug|Any CPU.Build.0 = Debug|Any CPU
		{DA2A7EFD-E858-4CF3-9F4B-1BD6D0A10029}.Release|Any CPU.ActiveCfg = Release|Any CPU
		{DA2A7EFD-E858-4CF3-9F4B-1BD6D0A10029}.Release|Any CPU.Build.0 = Release|Any CPU
		{F514A766-6F00-4E87-983C-75F92BB9E0D6}.Debug|Any CPU.ActiveCfg = Debug|Any CPU
		{F514A766-6F00-4E87-983C-75F92BB9E0D6}.Debug|Any CPU.Build.0 = Debug|Any CPU
		{F514A766-6F00-4E87-983C-75F92BB9E0D6}.Release|Any CPU.ActiveCfg = Release|Any CPU
		{F514A766-6F00-4E87-983C-75F92BB9E0D6}.Release|Any CPU.Build.0 = Release|Any CPU
	EndGlobalSection
	GlobalSection(SolutionProperties) = preSolution
		HideSolutionNode = FALSE
	EndGlobalSection
	GlobalSection(ExtensibilityGlobals) = postSolution
		SolutionGuid = {DE472611-2B15-4342-8B56-1046326B1807}
	EndGlobalSection
	GlobalSection(NestedProjects) = preSolution
		{6CCC908F-C69E-49DA-A32A-7E80E2D23CCF} = {2E48C81B-CA0F-4FCA-AD7D-41EF87F6AE17}
		{C3074D7E-CA6C-4F2C-813D-BD97462DC3EB} = {2E48C81B-CA0F-4FCA-AD7D-41EF87F6AE17}
		{A947272E-478C-45A4-99E1-3A47F12C9091} = {9B2D7931-572B-4684-A73A-7B96ED213744}
		{F8BCBC95-21C6-42C0-8B96-8763FB15252E} = {9B2D7931-572B-4684-A73A-7B96ED213744}
		{517F9FB0-1A85-4C3B-AC46-EBED53238D72} = {9B2D7931-572B-4684-A73A-7B96ED213744}
		{5F4173C4-55EE-4C28-BE96-B71C6AACC9EE} = {9B2D7931-572B-4684-A73A-7B96ED213744}
		{E3B2921E-3DDF-4181-9770-FE58BB03F5C4} = {2E48C81B-CA0F-4FCA-AD7D-41EF87F6AE17}
		{79D80414-0CA7-4A3D-BC60-F27F0D33D855} = {2E48C81B-CA0F-4FCA-AD7D-41EF87F6AE17}
		{218E0948-34C2-460C-9A88-3077475BF812} = {F206476A-9392-49D4-A90C-029696749072}
		{3A0C0E24-BEBC-499E-BC5A-48E7E94F10C1} = {F206476A-9392-49D4-A90C-029696749072}
		{B9FB1CEA-8783-45F2-8DF0-30EE0BA0223B} = {8141EB56-BB5B-4B13-9F5C-A05A58A0E228}
		{D9D2D568-4700-497E-90E8-67344C0E7190} = {8141EB56-BB5B-4B13-9F5C-A05A58A0E228}
		{A5EE1E55-CFA2-4CA2-B06A-FF1900C23D9D} = {8141EB56-BB5B-4B13-9F5C-A05A58A0E228}
		{A430E7FA-516E-40CD-B84F-5D633CC418DB} = {8141EB56-BB5B-4B13-9F5C-A05A58A0E228}
		{941F32C2-78EF-448A-9081-520315DC0193} = {8141EB56-BB5B-4B13-9F5C-A05A58A0E228}
		{548FC074-1D04-45A2-8725-5D908A5075A9} = {8141EB56-BB5B-4B13-9F5C-A05A58A0E228}
		{BB14A796-AEC7-454B-9F34-263216953EF1} = {8141EB56-BB5B-4B13-9F5C-A05A58A0E228}
		{FBC80D39-C3E9-4CD2-8BE5-DD6FD2354149} = {8141EB56-BB5B-4B13-9F5C-A05A58A0E228}
		{B9222ED7-A0C8-4482-8987-3B67782BFA7F} = {548FC074-1D04-45A2-8725-5D908A5075A9}
		{E8387FE6-874D-4B13-AE0F-6D1FD4459099} = {548FC074-1D04-45A2-8725-5D908A5075A9}
		{DA2A7EFD-E858-4CF3-9F4B-1BD6D0A10029} = {548FC074-1D04-45A2-8725-5D908A5075A9}
		{F514A766-6F00-4E87-983C-75F92BB9E0D6} = {548FC074-1D04-45A2-8725-5D908A5075A9}
	EndGlobalSection
EndGlobal
