
Microsoft Visual Studio Solution File, Format Version 12.00
# Visual Studio 15
VisualStudioVersion = 15.0.28010.2048
MinimumVisualStudioVersion = 10.0.40219.1
Project("{9A19103F-16F7-4668-BE54-9A1E7A4F7556}") = "AngleSharp.Core", "AngleSharp\AngleSharp.Core.csproj", "{91F78C48-287E-41B5-9E49-44D6E1E31290}"
EndProject
Project("{9A19103F-16F7-4668-BE54-9A1E7A4F7556}") = "AngleSharp.Benchmarks", "AngleSharp.Benchmarks\AngleSharp.Benchmarks.csproj", "{5F4173C4-55EE-4C28-BE96-B71C6AACC9EE}"
EndProject
Project("{2150E333-8FDC-42A3-9474-1A3956D46DE8}") = "Solution Items", "Solution Items", "{988B2C40-782B-4128-9551-7AE65B60F903}"
	ProjectSection(SolutionItems) = preProject
		AngleSharp.nuspec = AngleSharp.nuspec
		Directory.Build.props = Directory.Build.props
		..\.editorconfig = ..\.editorconfig
		..\README.md = ..\README.md
	EndProjectSection
EndProject
Project("{FAE04EC0-301F-11D3-BF4B-00C04F79EFBC}") = "AngleSharp.Core.Tests", "AngleSharp.Core.Tests\AngleSharp.Core.Tests.csproj", "{C3074D7E-CA6C-4F2C-813D-BD97462DC3EB}"
EndProject
Project("{9A19103F-16F7-4668-BE54-9A1E7A4F7556}") = "_build", "..\nuke\_build.csproj", "{C5A6C092-A03A-47FB-B260-F1F87564F020}"
EndProject
Project("{FAE04EC0-301F-11D3-BF4B-00C04F79EFBC}") = "Run", "Run\Run.csproj", "{9A08E0EE-9E7A-498C-837F-FAABFBBD06D7}"
EndProject
Project("{FAE04EC0-301F-11D3-BF4B-00C04F79EFBC}") = "AngleSharp.Css", "AngleSharp.Css\AngleSharp.Css.csproj", "{0F54F0A0-B23E-427B-A7B3-F556901BB4EF}"
EndProject
Project("{FAE04EC0-301F-11D3-BF4B-00C04F79EFBC}") = "AngleSharp.Css.Tests", "AngleSharp.Css.Tests\AngleSharp.Css.Tests.csproj", "{6CCC908F-C69E-49DA-A32A-7E80E2D23CCF}"
EndProject
Project("{FAE04EC0-301F-11D3-BF4B-00C04F79EFBC}") = "AngleSharp.Performance.Common", "AngleSharp.Performance.Common\AngleSharp.Performance.Common.csproj", "{517F9FB0-1A85-4C3B-AC46-EBED53238D72}"
EndProject
Project("{FAE04EC0-301F-11D3-BF4B-00C04F79EFBC}") = "AngleSharp.Performance.Css", "AngleSharp.Performance.Css\AngleSharp.Performance.Css.csproj", "{F8BCBC95-21C6-42C0-8B96-8763FB15252E}"
EndProject
Project("{FAE04EC0-301F-11D3-BF4B-00C04F79EFBC}") = "AngleSharp.Performance.Utilities", "AngleSharp.Performance.Utilities\AngleSharp.Performance.Utilities.csproj", "{A947272E-478C-45A4-99E1-3A47F12C9091}"
EndProject
Project("{2150E333-8FDC-42A3-9474-1A3956D46DE8}") = "Tests", "Tests", "{2E48C81B-CA0F-4FCA-AD7D-41EF87F6AE17}"
EndProject
Project("{2150E333-8FDC-42A3-9474-1A3956D46DE8}") = "Performance", "Performance", "{9B2D7931-572B-4684-A73A-7B96ED213744}"
EndProject
Global
	GlobalSection(SolutionConfigurationPlatforms) = preSolution
		Debug|Any CPU = Debug|Any CPU
		Release|Any CPU = Release|Any CPU
	EndGlobalSection
	GlobalSection(ProjectConfigurationPlatforms) = postSolution
		{C5A6C092-A03A-47FB-B260-F1F87564F020}.Debug|Any CPU.ActiveCfg = Debug|Any CPU
		{C5A6C092-A03A-47FB-B260-F1F87564F020}.Release|Any CPU.ActiveCfg = Release|Any CPU
		{91F78C48-287E-41B5-9E49-44D6E1E31290}.Debug|Any CPU.ActiveCfg = Debug|Any CPU
		{91F78C48-287E-41B5-9E49-44D6E1E31290}.Debug|Any CPU.Build.0 = Debug|Any CPU
		{91F78C48-287E-41B5-9E49-44D6E1E31290}.Release|Any CPU.ActiveCfg = Release|Any CPU
		{91F78C48-287E-41B5-9E49-44D6E1E31290}.Release|Any CPU.Build.0 = Release|Any CPU
		{5F4173C4-55EE-4C28-BE96-B71C6AACC9EE}.Debug|Any CPU.ActiveCfg = Debug|Any CPU
		{5F4173C4-55EE-4C28-BE96-B71C6AACC9EE}.Debug|Any CPU.Build.0 = Debug|Any CPU
		{5F4173C4-55EE-4C28-BE96-B71C6AACC9EE}.Release|Any CPU.ActiveCfg = Release|Any CPU
		{5F4173C4-55EE-4C28-BE96-B71C6AACC9EE}.Release|Any CPU.Build.0 = Release|Any CPU
		{C3074D7E-CA6C-4F2C-813D-BD97462DC3EB}.Debug|Any CPU.ActiveCfg = Debug|Any CPU
		{C3074D7E-CA6C-4F2C-813D-BD97462DC3EB}.Debug|Any CPU.Build.0 = Debug|Any CPU
		{C3074D7E-CA6C-4F2C-813D-BD97462DC3EB}.Release|Any CPU.ActiveCfg = Release|Any CPU
		{C3074D7E-CA6C-4F2C-813D-BD97462DC3EB}.Release|Any CPU.Build.0 = Release|Any CPU
		{9A08E0EE-9E7A-498C-837F-FAABFBBD06D7}.Debug|Any CPU.ActiveCfg = Debug|Any CPU
		{9A08E0EE-9E7A-498C-837F-FAABFBBD06D7}.Debug|Any CPU.Build.0 = Debug|Any CPU
		{9A08E0EE-9E7A-498C-837F-FAABFBBD06D7}.Release|Any CPU.ActiveCfg = Release|Any CPU
		{9A08E0EE-9E7A-498C-837F-FAABFBBD06D7}.Release|Any CPU.Build.0 = Release|Any CPU
		{0F54F0A0-B23E-427B-A7B3-F556901BB4EF}.Debug|Any CPU.ActiveCfg = Debug|Any CPU
		{0F54F0A0-B23E-427B-A7B3-F556901BB4EF}.Debug|Any CPU.Build.0 = Debug|Any CPU
		{0F54F0A0-B23E-427B-A7B3-F556901BB4EF}.Release|Any CPU.ActiveCfg = Release|Any CPU
		{0F54F0A0-B23E-427B-A7B3-F556901BB4EF}.Release|Any CPU.Build.0 = Release|Any CPU
		{6CCC908F-C69E-49DA-A32A-7E80E2D23CCF}.Debug|Any CPU.ActiveCfg = Debug|Any CPU
		{6CCC908F-C69E-49DA-A32A-7E80E2D23CCF}.Debug|Any CPU.Build.0 = Debug|Any CPU
		{6CCC908F-C69E-49DA-A32A-7E80E2D23CCF}.Release|Any CPU.ActiveCfg = Release|Any CPU
		{6CCC908F-C69E-49DA-A32A-7E80E2D23CCF}.Release|Any CPU.Build.0 = Release|Any CPU
		{517F9FB0-1A85-4C3B-AC46-EBED53238D72}.Debug|Any CPU.ActiveCfg = Debug|Any CPU
		{517F9FB0-1A85-4C3B-AC46-EBED53238D72}.Debug|Any CPU.Build.0 = Debug|Any CPU
		{517F9FB0-1A85-4C3B-AC46-EBED53238D72}.Release|Any CPU.ActiveCfg = Release|Any CPU
		{517F9FB0-1A85-4C3B-AC46-EBED53238D72}.Release|Any CPU.Build.0 = Release|Any CPU
		{F8BCBC95-21C6-42C0-8B96-8763FB15252E}.Debug|Any CPU.ActiveCfg = Debug|Any CPU
		{F8BCBC95-21C6-42C0-8B96-8763FB15252E}.Debug|Any CPU.Build.0 = Debug|Any CPU
		{F8BCBC95-21C6-42C0-8B96-8763FB15252E}.Release|Any CPU.ActiveCfg = Release|Any CPU
		{F8BCBC95-21C6-42C0-8B96-8763FB15252E}.Release|Any CPU.Build.0 = Release|Any CPU
		{A947272E-478C-45A4-99E1-3A47F12C9091}.Debug|Any CPU.ActiveCfg = Debug|Any CPU
		{A947272E-478C-45A4-99E1-3A47F12C9091}.Debug|Any CPU.Build.0 = Debug|Any CPU
		{A947272E-478C-45A4-99E1-3A47F12C9091}.Release|Any CPU.ActiveCfg = Release|Any CPU
		{A947272E-478C-45A4-99E1-3A47F12C9091}.Release|Any CPU.Build.0 = Release|Any CPU
	EndGlobalSection
	GlobalSection(SolutionProperties) = preSolution
		HideSolutionNode = FALSE
	EndGlobalSection
	GlobalSection(ExtensibilityGlobals) = postSolution
		SolutionGuid = {DE472611-2B15-4342-8B56-1046326B1807}
	EndGlobalSection
	GlobalSection(NestedProjects) = preSolution
		{6CCC908F-C69E-49DA-A32A-7E80E2D23CCF} = {2E48C81B-CA0F-4FCA-AD7D-41EF87F6AE17}
		{C3074D7E-CA6C-4F2C-813D-BD97462DC3EB} = {2E48C81B-CA0F-4FCA-AD7D-41EF87F6AE17}
		{A947272E-478C-45A4-99E1-3A47F12C9091} = {9B2D7931-572B-4684-A73A-7B96ED213744}
		{F8BCBC95-21C6-42C0-8B96-8763FB15252E} = {9B2D7931-572B-4684-A73A-7B96ED213744}
		{517F9FB0-1A85-4C3B-AC46-EBED53238D72} = {9B2D7931-572B-4684-A73A-7B96ED213744}
		{5F4173C4-55EE-4C28-BE96-B71C6AACC9EE} = {9B2D7931-572B-4684-A73A-7B96ED213744}
	EndGlobalSection
EndGlobal
